
Microsoft Visual Studio Solution File, Format Version 12.00
# Visual Studio Version 17
VisualStudioVersion = 17.12.35521.163
MinimumVisualStudioVersion = 10.0.40219.1
Project("{FAE04EC0-301F-11D3-BF4B-00C04F79EFBC}") = "MyApp.Core", "MyApp.Core\MyApp.Core.csproj", "{ACA85ACA-4A0E-4FDE-917D-7C6BB18C4EE5}"
EndProject
Project("{FAE04EC0-301F-11D3-BF4B-00C04F79EFBC}") = "MyApp.WebApp", "MyApp.WebApp\MyApp.WebApp.csproj", "{902ED922-4A4A-4726-934A-735DC71121AF}"
EndProject
Project("{FAE04EC0-301F-11D3-BF4B-00C04F79EFBC}") = "WeatherApp", "WeatherApp\WeatherApp.csproj", "{1488536A-FCEA-4AB6-892C-DD5736A2C989}"
EndProject
Project("{FAE04EC0-301F-11D3-BF4B-00C04F79EFBC}") = "MyApp.Infrastructure", "MyApp.Infrastructure\MyApp.Infrastructure.csproj", "{43082923-64D1-4CB8-A143-629D3CAB9417}"
EndProject
Project("{FAE04EC0-301F-11D3-BF4B-00C04F79EFBC}") = "MyApp.Data", "MyApp.Data\MyApp.Data.csproj", "{B830482B-3DD2-4135-80F1-C862A360D15E}"
EndProject
Global
	GlobalSection(SolutionConfigurationPlatforms) = preSolution
		Debug|Any CPU = Debug|Any CPU
		Release|Any CPU = Release|Any CPU
	EndGlobalSection
	GlobalSection(ProjectConfigurationPlatforms) = postSolution
		{ACA85ACA-4A0E-4FDE-917D-7C6BB18C4EE5}.Debug|Any CPU.ActiveCfg = Debug|Any CPU
		{ACA85ACA-4A0E-4FDE-917D-7C6BB18C4EE5}.Debug|Any CPU.Build.0 = Debug|Any CPU
		{ACA85ACA-4A0E-4FDE-917D-7C6BB18C4EE5}.Release|Any CPU.ActiveCfg = Release|Any CPU
		{ACA85ACA-4A0E-4FDE-917D-7C6BB18C4EE5}.Release|Any CPU.Build.0 = Release|Any CPU
		{902ED922-4A4A-4726-934A-735DC71121AF}.Debug|Any CPU.ActiveCfg = Debug|Any CPU
		{902ED922-4A4A-4726-934A-735DC71121AF}.Debug|Any CPU.Build.0 = Debug|Any CPU
		{902ED922-4A4A-4726-934A-735DC71121AF}.Release|Any CPU.ActiveCfg = Release|Any CPU
		{902ED922-4A4A-4726-934A-735DC71121AF}.Release|Any CPU.Build.0 = Release|Any CPU
		{1488536A-FCEA-4AB6-892C-DD5736A2C989}.Debug|Any CPU.ActiveCfg = Debug|Any CPU
		{1488536A-FCEA-4AB6-892C-DD5736A2C989}.Debug|Any CPU.Build.0 = Debug|Any CPU
		{1488536A-FCEA-4AB6-892C-DD5736A2C989}.Release|Any CPU.ActiveCfg = Release|Any CPU
		{1488536A-FCEA-4AB6-892C-DD5736A2C989}.Release|Any CPU.Build.0 = Release|Any CPU
		{43082923-64D1-4CB8-A143-629D3CAB9417}.Debug|Any CPU.ActiveCfg = Debug|Any CPU
		{43082923-64D1-4CB8-A143-629D3CAB9417}.Debug|Any CPU.Build.0 = Debug|Any CPU
		{43082923-64D1-4CB8-A143-629D3CAB9417}.Release|Any CPU.ActiveCfg = Release|Any CPU
		{43082923-64D1-4CB8-A143-629D3CAB9417}.Release|Any CPU.Build.0 = Release|Any CPU
		{B830482B-3DD2-4135-80F1-C862A360D15E}.Debug|Any CPU.ActiveCfg = Debug|Any CPU
		{B830482B-3DD2-4135-80F1-C862A360D15E}.Debug|Any CPU.Build.0 = Debug|Any CPU
		{B830482B-3DD2-4135-80F1-C862A360D15E}.Release|Any CPU.ActiveCfg = Release|Any CPU
		{B830482B-3DD2-4135-80F1-C862A360D15E}.Release|Any CPU.Build.0 = Release|Any CPU
	EndGlobalSection
	GlobalSection(SolutionProperties) = preSolution
		HideSolutionNode = FALSE
	EndGlobalSection
EndGlobal
